// !$*UTF8*$!
{
	archiveVersion = 1;
	classes = {
	};
	objectVersion = 46;
	objects = {

/* Begin PBXBuildFile section */
		9E412CBB1F73B760004765F8 /* AppDelegate.swift in Sources */ = {isa = PBXBuildFile; fileRef = 9E412CBA1F73B760004765F8 /* AppDelegate.swift */; };
		9E412CBD1F73B760004765F8 /* ViewController.swift in Sources */ = {isa = PBXBuildFile; fileRef = 9E412CBC1F73B760004765F8 /* ViewController.swift */; };
		9E412CC01F73B760004765F8 /* Main.storyboard in Resources */ = {isa = PBXBuildFile; fileRef = 9E412CBE1F73B760004765F8 /* Main.storyboard */; };
		9E412CC21F73B760004765F8 /* Assets.xcassets in Resources */ = {isa = PBXBuildFile; fileRef = 9E412CC11F73B760004765F8 /* Assets.xcassets */; };
		9E412CC51F73B760004765F8 /* LaunchScreen.storyboard in Resources */ = {isa = PBXBuildFile; fileRef = 9E412CC31F73B760004765F8 /* LaunchScreen.storyboard */; };
		9E850F711F74232600C45352 /* APIError.swift in Sources */ = {isa = PBXBuildFile; fileRef = 9E850F701F74232600C45352 /* APIError.swift */; };
		9E850F751F742BAE00C45352 /* OrderBookingPair.swift in Sources */ = {isa = PBXBuildFile; fileRef = 9E850F741F742BAE00C45352 /* OrderBookingPair.swift */; };
		9E850F781F7437E000C45352 /* Double+RoundTo.swift in Sources */ = {isa = PBXBuildFile; fileRef = 9E850F771F7437E000C45352 /* Double+RoundTo.swift */; };
		9EEDF9C71F73BA6E00D32D52 /* Pairing.swift in Sources */ = {isa = PBXBuildFile; fileRef = 9EEDF9C61F73BA6E00D32D52 /* Pairing.swift */; };
		9EEDF9C91F73BBC500D32D52 /* Ticker.swift in Sources */ = {isa = PBXBuildFile; fileRef = 9EEDF9C81F73BBC500D32D52 /* Ticker.swift */; };
		9EEDF9CB1F73BC6200D32D52 /* OrderBook.swift in Sources */ = {isa = PBXBuildFile; fileRef = 9EEDF9CA1F73BC6200D32D52 /* OrderBook.swift */; };
		9EEDF9CF1F73BE7500D32D52 /* APIManager.swift in Sources */ = {isa = PBXBuildFile; fileRef = 9EEDF9CE1F73BE7500D32D52 /* APIManager.swift */; };
		9EEDF9D11F73BEB000D32D52 /* RemoteTicker.swift in Sources */ = {isa = PBXBuildFile; fileRef = 9EEDF9D01F73BEB000D32D52 /* RemoteTicker.swift */; };
		9EEDF9D31F73BEE000D32D52 /* RemoteCurrencyPairing.swift in Sources */ = {isa = PBXBuildFile; fileRef = 9EEDF9D21F73BEE000D32D52 /* RemoteCurrencyPairing.swift */; };
		9EEDF9D51F73BF3200D32D52 /* RemoteOrderBooking.swift in Sources */ = {isa = PBXBuildFile; fileRef = 9EEDF9D41F73BF3200D32D52 /* RemoteOrderBooking.swift */; };
		9EEDF9D81F73BF6300D32D52 /* RemoteRecentTrade.swift in Sources */ = {isa = PBXBuildFile; fileRef = 9EEDF9D71F73BF6300D32D52 /* RemoteRecentTrade.swift */; };
		9EEDF9E31F73BFC900D32D52 /* RemoteTransactionHistory.swift in Sources */ = {isa = PBXBuildFile; fileRef = 9EEDF9E21F73BFC900D32D52 /* RemoteTransactionHistory.swift */; };
		9EEDF9E91F73C01300D32D52 /* RemoteOrder.swift in Sources */ = {isa = PBXBuildFile; fileRef = 9EEDF9E81F73C01300D32D52 /* RemoteOrder.swift */; };
		9EEDF9EB1F73C17800D32D52 /* RemoteWallet.swift in Sources */ = {isa = PBXBuildFile; fileRef = 9EEDF9EA1F73C17700D32D52 /* RemoteWallet.swift */; };
		9EEDF9F91F73C75D00D32D52 /* JSON.swift in Sources */ = {isa = PBXBuildFile; fileRef = 9EEDF9F81F73C75D00D32D52 /* JSON.swift */; };
		A8B2749FF50AA79276169FA5 /* Pods_BxTrader.framework in Frameworks */ = {isa = PBXBuildFile; fileRef = 2C9D90C62913187F177D225E /* Pods_BxTrader.framework */; };
/* End PBXBuildFile section */

/* Begin PBXFileReference section */
		19AFA24FDF14EEC7B53384E7 /* Pods-BxTrader.debug.xcconfig */ = {isa = PBXFileReference; includeInIndex = 1; lastKnownFileType = text.xcconfig; name = "Pods-BxTrader.debug.xcconfig"; path = "Pods/Target Support Files/Pods-BxTrader/Pods-BxTrader.debug.xcconfig"; sourceTree = "<group>"; };
		2C9D90C62913187F177D225E /* Pods_BxTrader.framework */ = {isa = PBXFileReference; explicitFileType = wrapper.framework; includeInIndex = 0; path = Pods_BxTrader.framework; sourceTree = BUILT_PRODUCTS_DIR; };
		9E412CB71F73B760004765F8 /* BxTrader.app */ = {isa = PBXFileReference; explicitFileType = wrapper.application; includeInIndex = 0; path = BxTrader.app; sourceTree = BUILT_PRODUCTS_DIR; };
		9E412CBA1F73B760004765F8 /* AppDelegate.swift */ = {isa = PBXFileReference; lastKnownFileType = sourcecode.swift; path = AppDelegate.swift; sourceTree = "<group>"; };
		9E412CBC1F73B760004765F8 /* ViewController.swift */ = {isa = PBXFileReference; lastKnownFileType = sourcecode.swift; path = ViewController.swift; sourceTree = "<group>"; };
		9E412CBF1F73B760004765F8 /* Base */ = {isa = PBXFileReference; lastKnownFileType = file.storyboard; name = Base; path = Base.lproj/Main.storyboard; sourceTree = "<group>"; };
		9E412CC11F73B760004765F8 /* Assets.xcassets */ = {isa = PBXFileReference; lastKnownFileType = folder.assetcatalog; path = Assets.xcassets; sourceTree = "<group>"; };
		9E412CC41F73B760004765F8 /* Base */ = {isa = PBXFileReference; lastKnownFileType = file.storyboard; name = Base; path = Base.lproj/LaunchScreen.storyboard; sourceTree = "<group>"; };
		9E412CC61F73B760004765F8 /* Info.plist */ = {isa = PBXFileReference; lastKnownFileType = text.plist.xml; path = Info.plist; sourceTree = "<group>"; };
		9E850F701F74232600C45352 /* APIError.swift */ = {isa = PBXFileReference; lastKnownFileType = sourcecode.swift; path = APIError.swift; sourceTree = "<group>"; };
		9E850F741F742BAE00C45352 /* OrderBookingPair.swift */ = {isa = PBXFileReference; lastKnownFileType = sourcecode.swift; path = OrderBookingPair.swift; sourceTree = "<group>"; };
		9E850F771F7437E000C45352 /* Double+RoundTo.swift */ = {isa = PBXFileReference; lastKnownFileType = sourcecode.swift; path = "Double+RoundTo.swift"; sourceTree = "<group>"; };
		9EEDF9C61F73BA6E00D32D52 /* Pairing.swift */ = {isa = PBXFileReference; lastKnownFileType = sourcecode.swift; path = Pairing.swift; sourceTree = "<group>"; };
		9EEDF9C81F73BBC500D32D52 /* Ticker.swift */ = {isa = PBXFileReference; lastKnownFileType = sourcecode.swift; path = Ticker.swift; sourceTree = "<group>"; };
		9EEDF9CA1F73BC6200D32D52 /* OrderBook.swift */ = {isa = PBXFileReference; lastKnownFileType = sourcecode.swift; path = OrderBook.swift; sourceTree = "<group>"; };
		9EEDF9CE1F73BE7500D32D52 /* APIManager.swift */ = {isa = PBXFileReference; lastKnownFileType = sourcecode.swift; path = APIManager.swift; sourceTree = "<group>"; };
		9EEDF9D01F73BEB000D32D52 /* RemoteTicker.swift */ = {isa = PBXFileReference; lastKnownFileType = sourcecode.swift; path = RemoteTicker.swift; sourceTree = "<group>"; };
		9EEDF9D21F73BEE000D32D52 /* RemoteCurrencyPairing.swift */ = {isa = PBXFileReference; lastKnownFileType = sourcecode.swift; path = RemoteCurrencyPairing.swift; sourceTree = "<group>"; };
		9EEDF9D41F73BF3200D32D52 /* RemoteOrderBooking.swift */ = {isa = PBXFileReference; lastKnownFileType = sourcecode.swift; path = RemoteOrderBooking.swift; sourceTree = "<group>"; };
		9EEDF9D71F73BF6300D32D52 /* RemoteRecentTrade.swift */ = {isa = PBXFileReference; lastKnownFileType = sourcecode.swift; path = RemoteRecentTrade.swift; sourceTree = "<group>"; };
		9EEDF9E21F73BFC900D32D52 /* RemoteTransactionHistory.swift */ = {isa = PBXFileReference; lastKnownFileType = sourcecode.swift; path = RemoteTransactionHistory.swift; sourceTree = "<group>"; };
		9EEDF9E81F73C01300D32D52 /* RemoteOrder.swift */ = {isa = PBXFileReference; lastKnownFileType = sourcecode.swift; path = RemoteOrder.swift; sourceTree = "<group>"; };
		9EEDF9EA1F73C17700D32D52 /* RemoteWallet.swift */ = {isa = PBXFileReference; lastKnownFileType = sourcecode.swift; path = RemoteWallet.swift; sourceTree = "<group>"; };
		9EEDF9F81F73C75D00D32D52 /* JSON.swift */ = {isa = PBXFileReference; lastKnownFileType = sourcecode.swift; path = JSON.swift; sourceTree = "<group>"; };
		E7C1D5FB36979E2CAD1CEA62 /* Pods-BxTrader.release.xcconfig */ = {isa = PBXFileReference; includeInIndex = 1; lastKnownFileType = text.xcconfig; name = "Pods-BxTrader.release.xcconfig"; path = "Pods/Target Support Files/Pods-BxTrader/Pods-BxTrader.release.xcconfig"; sourceTree = "<group>"; };
/* End PBXFileReference section */

/* Begin PBXFrameworksBuildPhase section */
		9E412CB41F73B760004765F8 /* Frameworks */ = {
			isa = PBXFrameworksBuildPhase;
			buildActionMask = 2147483647;
			files = (
				A8B2749FF50AA79276169FA5 /* Pods_BxTrader.framework in Frameworks */,
			);
			runOnlyForDeploymentPostprocessing = 0;
		};
/* End PBXFrameworksBuildPhase section */

/* Begin PBXGroup section */
		21A97ED082CD4D0E21973555 /* Frameworks */ = {
			isa = PBXGroup;
			children = (
				2C9D90C62913187F177D225E /* Pods_BxTrader.framework */,
			);
			name = Frameworks;
			sourceTree = "<group>";
		};
		9E412CAE1F73B760004765F8 = {
			isa = PBXGroup;
			children = (
				9E412CB91F73B760004765F8 /* BxTrader */,
				9E412CB81F73B760004765F8 /* Products */,
				D1E074A7B049673A11630F68 /* Pods */,
				21A97ED082CD4D0E21973555 /* Frameworks */,
			);
			sourceTree = "<group>";
		};
		9E412CB81F73B760004765F8 /* Products */ = {
			isa = PBXGroup;
			children = (
				9E412CB71F73B760004765F8 /* BxTrader.app */,
			);
			name = Products;
			sourceTree = "<group>";
		};
		9E412CB91F73B760004765F8 /* BxTrader */ = {
			isa = PBXGroup;
			children = (
				9EEDF9CD1F73BE6000D32D52 /* APIManager */,
				9E850F761F7437C800C45352 /* Extension */,
				9E412CC61F73B760004765F8 /* Info.plist */,
				9EEDF9C51F73BA2F00D32D52 /* Models */,
				9E850F6E1F741B9200C45352 /* Storyboards */,
				9E850F6F1F741B9F00C45352 /* Supporting Files */,
				9E412CBC1F73B760004765F8 /* ViewController.swift */,
			);
			path = BxTrader;
			sourceTree = "<group>";
		};
		9E850F6E1F741B9200C45352 /* Storyboards */ = {
			isa = PBXGroup;
			children = (
				9E412CBE1F73B760004765F8 /* Main.storyboard */,
				9E412CC31F73B760004765F8 /* LaunchScreen.storyboard */,
			);
			path = Storyboards;
			sourceTree = "<group>";
		};
		9E850F6F1F741B9F00C45352 /* Supporting Files */ = {
			isa = PBXGroup;
			children = (
				9E412CBA1F73B760004765F8 /* AppDelegate.swift */,
				9E412CC11F73B760004765F8 /* Assets.xcassets */,
			);
			path = "Supporting Files";
			sourceTree = "<group>";
		};
		9E850F761F7437C800C45352 /* Extension */ = {
			isa = PBXGroup;
			children = (
				9E850F771F7437E000C45352 /* Double+RoundTo.swift */,
			);
			path = Extension;
			sourceTree = "<group>";
		};
		9EEDF9C51F73BA2F00D32D52 /* Models */ = {
			isa = PBXGroup;
			children = (
				9EEDF9C61F73BA6E00D32D52 /* Pairing.swift */,
				9EEDF9C81F73BBC500D32D52 /* Ticker.swift */,
				9EEDF9CA1F73BC6200D32D52 /* OrderBook.swift */,
				9E850F741F742BAE00C45352 /* OrderBookingPair.swift */,
			);
			path = Models;
			sourceTree = "<group>";
		};
		9EEDF9CD1F73BE6000D32D52 /* APIManager */ = {
			isa = PBXGroup;
			children = (
				9EEDF9CE1F73BE7500D32D52 /* APIManager.swift */,
				9E850F701F74232600C45352 /* APIError.swift */,
				9EEDF9F81F73C75D00D32D52 /* JSON.swift */,
				9EEDF9D91F73BF7E00D32D52 /* Private */,
				9EEDF9D61F73BF4400D32D52 /* Public */,
			);
			path = APIManager;
			sourceTree = "<group>";
		};
		9EEDF9D61F73BF4400D32D52 /* Public */ = {
			isa = PBXGroup;
			children = (
				9EEDF9D21F73BEE000D32D52 /* RemoteCurrencyPairing.swift */,
				9EEDF9D41F73BF3200D32D52 /* RemoteOrderBooking.swift */,
				9EEDF9D71F73BF6300D32D52 /* RemoteRecentTrade.swift */,
				9EEDF9D01F73BEB000D32D52 /* RemoteTicker.swift */,
			);
			path = Public;
			sourceTree = "<group>";
		};
		9EEDF9D91F73BF7E00D32D52 /* Private */ = {
			isa = PBXGroup;
			children = (
				9EEDF9E81F73C01300D32D52 /* RemoteOrder.swift */,
				9EEDF9E21F73BFC900D32D52 /* RemoteTransactionHistory.swift */,
				9EEDF9EA1F73C17700D32D52 /* RemoteWallet.swift */,
			);
			path = Private;
			sourceTree = "<group>";
		};
		D1E074A7B049673A11630F68 /* Pods */ = {
			isa = PBXGroup;
			children = (
				19AFA24FDF14EEC7B53384E7 /* Pods-BxTrader.debug.xcconfig */,
				E7C1D5FB36979E2CAD1CEA62 /* Pods-BxTrader.release.xcconfig */,
			);
			name = Pods;
			sourceTree = "<group>";
		};
/* End PBXGroup section */

/* Begin PBXNativeTarget section */
		9E412CB61F73B760004765F8 /* BxTrader */ = {
			isa = PBXNativeTarget;
			buildConfigurationList = 9E412CC91F73B760004765F8 /* Build configuration list for PBXNativeTarget "BxTrader" */;
			buildPhases = (
				F7CD2D7370B2DEE200DA92E5 /* [CP] Check Pods Manifest.lock */,
				9E412CB31F73B760004765F8 /* Sources */,
				9E412CB41F73B760004765F8 /* Frameworks */,
				9E412CB51F73B760004765F8 /* Resources */,
				4A555416D0717FEDE48692BC /* [CP] Embed Pods Frameworks */,
				2E266A1CD03BE728B0112AB0 /* [CP] Copy Pods Resources */,
			);
			buildRules = (
			);
			dependencies = (
			);
			name = BxTrader;
			productName = BxTrader;
			productReference = 9E412CB71F73B760004765F8 /* BxTrader.app */;
			productType = "com.apple.product-type.application";
		};
/* End PBXNativeTarget section */

/* Begin PBXProject section */
		9E412CAF1F73B760004765F8 /* Project object */ = {
			isa = PBXProject;
			attributes = {
				LastSwiftUpdateCheck = 0830;
				LastUpgradeCheck = 0830;
				ORGANIZATIONNAME = "Issarapong Poesua";
				TargetAttributes = {
					9E412CB61F73B760004765F8 = {
						CreatedOnToolsVersion = 8.3.2;
						DevelopmentTeam = RJA42UD9TG;
						ProvisioningStyle = Automatic;
					};
				};
			};
			buildConfigurationList = 9E412CB21F73B760004765F8 /* Build configuration list for PBXProject "BxTrader" */;
			compatibilityVersion = "Xcode 3.2";
			developmentRegion = English;
			hasScannedForEncodings = 0;
			knownRegions = (
				en,
				Base,
			);
			mainGroup = 9E412CAE1F73B760004765F8;
			productRefGroup = 9E412CB81F73B760004765F8 /* Products */;
			projectDirPath = "";
			projectRoot = "";
			targets = (
				9E412CB61F73B760004765F8 /* BxTrader */,
			);
		};
/* End PBXProject section */

/* Begin PBXResourcesBuildPhase section */
		9E412CB51F73B760004765F8 /* Resources */ = {
			isa = PBXResourcesBuildPhase;
			buildActionMask = 2147483647;
			files = (
				9E412CC51F73B760004765F8 /* LaunchScreen.storyboard in Resources */,
				9E412CC21F73B760004765F8 /* Assets.xcassets in Resources */,
				9E412CC01F73B760004765F8 /* Main.storyboard in Resources */,
			);
			runOnlyForDeploymentPostprocessing = 0;
		};
/* End PBXResourcesBuildPhase section */

/* Begin PBXShellScriptBuildPhase section */
		2E266A1CD03BE728B0112AB0 /* [CP] Copy Pods Resources */ = {
			isa = PBXShellScriptBuildPhase;
			buildActionMask = 2147483647;
			files = (
			);
			inputPaths = (
			);
			name = "[CP] Copy Pods Resources";
			outputPaths = (
			);
			runOnlyForDeploymentPostprocessing = 0;
			shellPath = /bin/sh;
			shellScript = "\"${SRCROOT}/Pods/Target Support Files/Pods-BxTrader/Pods-BxTrader-resources.sh\"\n";
			showEnvVarsInLog = 0;
		};
		4A555416D0717FEDE48692BC /* [CP] Embed Pods Frameworks */ = {
			isa = PBXShellScriptBuildPhase;
			buildActionMask = 2147483647;
			files = (
			);
			inputPaths = (
				"${SRCROOT}/Pods/Target Support Files/Pods-BxTrader/Pods-BxTrader-frameworks.sh",
				"${BUILT_PRODUCTS_DIR}/Alamofire/Alamofire.framework",
				"${BUILT_PRODUCTS_DIR}/AlamofireObjectMapper/AlamofireObjectMapper.framework",
				"${BUILT_PRODUCTS_DIR}/CryptoSwift/CryptoSwift.framework",
				"${BUILT_PRODUCTS_DIR}/ObjectMapper/ObjectMapper.framework",
				"${BUILT_PRODUCTS_DIR}/RxCocoa/RxCocoa.framework",
				"${BUILT_PRODUCTS_DIR}/RxSwift/RxSwift.framework",
			);
			name = "[CP] Embed Pods Frameworks";
			outputPaths = (
				"${TARGET_BUILD_DIR}/${FRAMEWORKS_FOLDER_PATH}/Alamofire.framework",
				"${TARGET_BUILD_DIR}/${FRAMEWORKS_FOLDER_PATH}/AlamofireObjectMapper.framework",
				"${TARGET_BUILD_DIR}/${FRAMEWORKS_FOLDER_PATH}/CryptoSwift.framework",
				"${TARGET_BUILD_DIR}/${FRAMEWORKS_FOLDER_PATH}/ObjectMapper.framework",
				"${TARGET_BUILD_DIR}/${FRAMEWORKS_FOLDER_PATH}/RxCocoa.framework",
				"${TARGET_BUILD_DIR}/${FRAMEWORKS_FOLDER_PATH}/RxSwift.framework",
			);
			runOnlyForDeploymentPostprocessing = 0;
			shellPath = /bin/sh;
			shellScript = "\"${SRCROOT}/Pods/Target Support Files/Pods-BxTrader/Pods-BxTrader-frameworks.sh\"\n";
			showEnvVarsInLog = 0;
		};
		F7CD2D7370B2DEE200DA92E5 /* [CP] Check Pods Manifest.lock */ = {
			isa = PBXShellScriptBuildPhase;
			buildActionMask = 2147483647;
			files = (
			);
			inputPaths = (
				"${PODS_PODFILE_DIR_PATH}/Podfile.lock",
				"${PODS_ROOT}/Manifest.lock",
			);
			name = "[CP] Check Pods Manifest.lock";
			outputPaths = (
				"$(DERIVED_FILE_DIR)/Pods-BxTrader-checkManifestLockResult.txt",
			);
			runOnlyForDeploymentPostprocessing = 0;
			shellPath = /bin/sh;
			shellScript = "diff \"${PODS_PODFILE_DIR_PATH}/Podfile.lock\" \"${PODS_ROOT}/Manifest.lock\" > /dev/null\nif [ $? != 0 ] ; then\n    # print error to STDERR\n    echo \"error: The sandbox is not in sync with the Podfile.lock. Run 'pod install' or update your CocoaPods installation.\" >&2\n    exit 1\nfi\n# This output is used by Xcode 'outputs' to avoid re-running this script phase.\necho \"SUCCESS\" > \"${SCRIPT_OUTPUT_FILE_0}\"\n";
			showEnvVarsInLog = 0;
		};
/* End PBXShellScriptBuildPhase section */

/* Begin PBXSourcesBuildPhase section */
		9E412CB31F73B760004765F8 /* Sources */ = {
			isa = PBXSourcesBuildPhase;
			buildActionMask = 2147483647;
			files = (
				9EEDF9CF1F73BE7500D32D52 /* APIManager.swift in Sources */,
				9EEDF9CB1F73BC6200D32D52 /* OrderBook.swift in Sources */,
				9E850F751F742BAE00C45352 /* OrderBookingPair.swift in Sources */,
				9EEDF9EB1F73C17800D32D52 /* RemoteWallet.swift in Sources */,
				9EEDF9D11F73BEB000D32D52 /* RemoteTicker.swift in Sources */,
				9E850F781F7437E000C45352 /* Double+RoundTo.swift in Sources */,
				9EEDF9D51F73BF3200D32D52 /* RemoteOrderBooking.swift in Sources */,
				9E412CBD1F73B760004765F8 /* ViewController.swift in Sources */,
				9EEDF9F91F73C75D00D32D52 /* JSON.swift in Sources */,
				9EEDF9C91F73BBC500D32D52 /* Ticker.swift in Sources */,
				9E850F711F74232600C45352 /* APIError.swift in Sources */,
				9EEDF9E31F73BFC900D32D52 /* RemoteTransactionHistory.swift in Sources */,
				9E412CBB1F73B760004765F8 /* AppDelegate.swift in Sources */,
				9EEDF9E91F73C01300D32D52 /* RemoteOrder.swift in Sources */,
				9EEDF9D81F73BF6300D32D52 /* RemoteRecentTrade.swift in Sources */,
				9EEDF9C71F73BA6E00D32D52 /* Pairing.swift in Sources */,
				9EEDF9D31F73BEE000D32D52 /* RemoteCurrencyPairing.swift in Sources */,
			);
			runOnlyForDeploymentPostprocessing = 0;
		};
/* End PBXSourcesBuildPhase section */

/* Begin PBXVariantGroup section */
		9E412CBE1F73B760004765F8 /* Main.storyboard */ = {
			isa = PBXVariantGroup;
			children = (
				9E412CBF1F73B760004765F8 /* Base */,
			);
			name = Main.storyboard;
			sourceTree = "<group>";
		};
		9E412CC31F73B760004765F8 /* LaunchScreen.storyboard */ = {
			isa = PBXVariantGroup;
			children = (
				9E412CC41F73B760004765F8 /* Base */,
			);
			name = LaunchScreen.storyboard;
			sourceTree = "<group>";
		};
/* End PBXVariantGroup section */

/* Begin XCBuildConfiguration section */
		9E412CC71F73B760004765F8 /* Debug */ = {
			isa = XCBuildConfiguration;
			buildSettings = {
				ALWAYS_SEARCH_USER_PATHS = NO;
				CLANG_ANALYZER_NONNULL = YES;
				CLANG_ANALYZER_NUMBER_OBJECT_CONVERSION = YES_AGGRESSIVE;
				CLANG_CXX_LANGUAGE_STANDARD = "gnu++0x";
				CLANG_CXX_LIBRARY = "libc++";
				CLANG_ENABLE_MODULES = YES;
				CLANG_ENABLE_OBJC_ARC = YES;
				CLANG_WARN_BOOL_CONVERSION = YES;
				CLANG_WARN_CONSTANT_CONVERSION = YES;
				CLANG_WARN_DIRECT_OBJC_ISA_USAGE = YES_ERROR;
				CLANG_WARN_DOCUMENTATION_COMMENTS = YES;
				CLANG_WARN_EMPTY_BODY = YES;
				CLANG_WARN_ENUM_CONVERSION = YES;
				CLANG_WARN_INFINITE_RECURSION = YES;
				CLANG_WARN_INT_CONVERSION = YES;
				CLANG_WARN_OBJC_ROOT_CLASS = YES_ERROR;
				CLANG_WARN_SUSPICIOUS_MOVE = YES;
				CLANG_WARN_UNREACHABLE_CODE = YES;
				CLANG_WARN__DUPLICATE_METHOD_MATCH = YES;
				"CODE_SIGN_IDENTITY[sdk=iphoneos*]" = "iPhone Developer";
				COPY_PHASE_STRIP = NO;
				DEBUG_INFORMATION_FORMAT = dwarf;
				ENABLE_STRICT_OBJC_MSGSEND = YES;
				ENABLE_TESTABILITY = YES;
				GCC_C_LANGUAGE_STANDARD = gnu99;
				GCC_DYNAMIC_NO_PIC = NO;
				GCC_NO_COMMON_BLOCKS = YES;
				GCC_OPTIMIZATION_LEVEL = 0;
				GCC_PREPROCESSOR_DEFINITIONS = (
					"DEBUG=1",
					"$(inherited)",
				);
				GCC_WARN_64_TO_32_BIT_CONVERSION = YES;
				GCC_WARN_ABOUT_RETURN_TYPE = YES_ERROR;
				GCC_WARN_UNDECLARED_SELECTOR = YES;
				GCC_WARN_UNINITIALIZED_AUTOS = YES_AGGRESSIVE;
				GCC_WARN_UNUSED_FUNCTION = YES;
				GCC_WARN_UNUSED_VARIABLE = YES;
				IPHONEOS_DEPLOYMENT_TARGET = 10.3;
				MTL_ENABLE_DEBUG_INFO = YES;
				ONLY_ACTIVE_ARCH = YES;
				SDKROOT = iphoneos;
				SWIFT_ACTIVE_COMPILATION_CONDITIONS = DEBUG;
				SWIFT_OPTIMIZATION_LEVEL = "-Onone";
			};
			name = Debug;
		};
		9E412CC81F73B760004765F8 /* Release */ = {
			isa = XCBuildConfiguration;
			buildSettings = {
				ALWAYS_SEARCH_USER_PATHS = NO;
				CLANG_ANALYZER_NONNULL = YES;
				CLANG_ANALYZER_NUMBER_OBJECT_CONVERSION = YES_AGGRESSIVE;
				CLANG_CXX_LANGUAGE_STANDARD = "gnu++0x";
				CLANG_CXX_LIBRARY = "libc++";
				CLANG_ENABLE_MODULES = YES;
				CLANG_ENABLE_OBJC_ARC = YES;
				CLANG_WARN_BOOL_CONVERSION = YES;
				CLANG_WARN_CONSTANT_CONVERSION = YES;
				CLANG_WARN_DIRECT_OBJC_ISA_USAGE = YES_ERROR;
				CLANG_WARN_DOCUMENTATION_COMMENTS = YES;
				CLANG_WARN_EMPTY_BODY = YES;
				CLANG_WARN_ENUM_CONVERSION = YES;
				CLANG_WARN_INFINITE_RECURSION = YES;
				CLANG_WARN_INT_CONVERSION = YES;
				CLANG_WARN_OBJC_ROOT_CLASS = YES_ERROR;
				CLANG_WARN_SUSPICIOUS_MOVE = YES;
				CLANG_WARN_UNREACHABLE_CODE = YES;
				CLANG_WARN__DUPLICATE_METHOD_MATCH = YES;
				"CODE_SIGN_IDENTITY[sdk=iphoneos*]" = "iPhone Developer";
				COPY_PHASE_STRIP = NO;
				DEBUG_INFORMATION_FORMAT = "dwarf-with-dsym";
				ENABLE_NS_ASSERTIONS = NO;
				ENABLE_STRICT_OBJC_MSGSEND = YES;
				GCC_C_LANGUAGE_STANDARD = gnu99;
				GCC_NO_COMMON_BLOCKS = YES;
				GCC_WARN_64_TO_32_BIT_CONVERSION = YES;
				GCC_WARN_ABOUT_RETURN_TYPE = YES_ERROR;
				GCC_WARN_UNDECLARED_SELECTOR = YES;
				GCC_WARN_UNINITIALIZED_AUTOS = YES_AGGRESSIVE;
				GCC_WARN_UNUSED_FUNCTION = YES;
				GCC_WARN_UNUSED_VARIABLE = YES;
				IPHONEOS_DEPLOYMENT_TARGET = 10.3;
				MTL_ENABLE_DEBUG_INFO = NO;
				SDKROOT = iphoneos;
				SWIFT_OPTIMIZATION_LEVEL = "-Owholemodule";
				VALIDATE_PRODUCT = YES;
			};
			name = Release;
		};
		9E412CCA1F73B760004765F8 /* Debug */ = {
			isa = XCBuildConfiguration;
			baseConfigurationReference = 19AFA24FDF14EEC7B53384E7 /* Pods-BxTrader.debug.xcconfig */;
			buildSettings = {
				ASSETCATALOG_COMPILER_APPICON_NAME = AppIcon;
				DEVELOPMENT_TEAM = RJA42UD9TG;
				INFOPLIST_FILE = BxTrader/Info.plist;
				LD_RUNPATH_SEARCH_PATHS = "$(inherited) @executable_path/Frameworks";
				PRODUCT_BUNDLE_IDENTIFIER = dekablade01.me.BxTrader;
				PRODUCT_NAME = "$(TARGET_NAME)";
				SWIFT_VERSION = 3.0;
			};
			name = Debug;
		};
		9E412CCB1F73B760004765F8 /* Release */ = {
			isa = XCBuildConfiguration;
			baseConfigurationReference = E7C1D5FB36979E2CAD1CEA62 /* Pods-BxTrader.release.xcconfig */;
			buildSettings = {
				ASSETCATALOG_COMPILER_APPICON_NAME = AppIcon;
				DEVELOPMENT_TEAM = RJA42UD9TG;
				INFOPLIST_FILE = BxTrader/Info.plist;
				LD_RUNPATH_SEARCH_PATHS = "$(inherited) @executable_path/Frameworks";
				PRODUCT_BUNDLE_IDENTIFIER = dekablade01.me.BxTrader;
				PRODUCT_NAME = "$(TARGET_NAME)";
				SWIFT_VERSION = 3.0;
			};
			name = Release;
		};
/* End XCBuildConfiguration section */

/* Begin XCConfigurationList section */
		9E412CB21F73B760004765F8 /* Build configuration list for PBXProject "BxTrader" */ = {
			isa = XCConfigurationList;
			buildConfigurations = (
				9E412CC71F73B760004765F8 /* Debug */,
				9E412CC81F73B760004765F8 /* Release */,
			);
			defaultConfigurationIsVisible = 0;
			defaultConfigurationName = Release;
		};
		9E412CC91F73B760004765F8 /* Build configuration list for PBXNativeTarget "BxTrader" */ = {
			isa = XCConfigurationList;
			buildConfigurations = (
				9E412CCA1F73B760004765F8 /* Debug */,
				9E412CCB1F73B760004765F8 /* Release */,
			);
			defaultConfigurationIsVisible = 0;
			defaultConfigurationName = Release;
		};
/* End XCConfigurationList section */
	};
	rootObject = 9E412CAF1F73B760004765F8 /* Project object */;
}
